
Microsoft Visual Studio Solution File, Format Version 12.00
# Visual Studio Version 16
VisualStudioVersion = 16.0.29709.97
MinimumVisualStudioVersion = 10.0.40219.1
Project("{FAE04EC0-301F-11D3-BF4B-00C04F79EFBC}") = "2019day1", "2019day1\2019day1.csproj", "{637CC7AE-EDD7-4A58-BA02-F067BCF35B5B}"
EndProject
Global
	GlobalSection(SolutionConfigurationPlatforms) = preSolution
		Debug|Any CPU = Debug|Any CPU
		Release|Any CPU = Release|Any CPU
	EndGlobalSection
	GlobalSection(ProjectConfigurationPlatforms) = postSolution
		{637CC7AE-EDD7-4A58-BA02-F067BCF35B5B}.Debug|Any CPU.ActiveCfg = Debug|Any CPU
		{637CC7AE-EDD7-4A58-BA02-F067BCF35B5B}.Debug|Any CPU.Build.0 = Debug|Any CPU
		{637CC7AE-EDD7-4A58-BA02-F067BCF35B5B}.Release|Any CPU.ActiveCfg = Release|Any CPU
		{637CC7AE-EDD7-4A58-BA02-F067BCF35B5B}.Release|Any CPU.Build.0 = Release|Any CPU
	EndGlobalSection
	GlobalSection(SolutionProperties) = preSolution
		HideSolutionNode = FALSE
	EndGlobalSection
	GlobalSection(ExtensibilityGlobals) = postSolution
		SolutionGuid = {7F7B00CD-29EA-413E-82C0-89E217012572}
	EndGlobalSection
EndGlobal
